{
  "nodes": {
    "nixpkgs": {
      "locked": {
        "lastModified": 1668087632,
        "narHash": "sha256-T/cUx44aYDuLMFfaiVpMdTjL4kpG7bh0VkN6JEM78/E=",
        "owner": "NixOS",
        "repo": "nixpkgs",
        "rev": "5f588eb4a958f1a526ed8da02d6ea1bea0047b9f",
        "type": "github"
      },
      "original": {
        "owner": "NixOS",
        "ref": "nixos-unstable",
        "repo": "nixpkgs",
        "type": "github"
      }
    },
    "root": {
      "inputs": {
        "nixpkgs": "nixpkgs",
        "xkomhotshot": "xkomhotshot"
      }
    },
    "xkomhotshot": {
      "inputs": {
        "nixpkgs": [
          "nixpkgs"
        ]
      },
      "locked": {
        "lastModified": 1665860774,
        "narHash": "sha256-u5XtqYWMwqCsBoROg6leZOG5Ns+wddMgFdISTf3s94I=",
        "owner": "surfaceflinger",
        "repo": "xkomhotshot",
        "rev": "9547dabdf8f77334cda3f80e7d229e48f44fa79f",
        "type": "github"
      },
      "original": {
        "owner": "surfaceflinger",
        "repo": "xkomhotshot",
        "type": "github"
      }
    }
  },
  "root": "root",
  "version": 7
}
