{
  "nodes": {
    "impermanence": {
      "locked": {
        "lastModified": 1668668915,
        "narHash": "sha256-QjY4ZZbs9shwO4LaLpvlU2bO9J1juYhO9NtV3nrbnYQ=",
        "owner": "nix-community",
        "repo": "impermanence",
        "rev": "5df9108b346f8a42021bf99e50de89c9caa251c3",
        "type": "github"
      },
      "original": {
        "owner": "nix-community",
        "repo": "impermanence",
        "type": "github"
      }
    },
    "nixos-hardware": {
      "locked": {
        "lastModified": 1672644464,
        "narHash": "sha256-RYlvRMcQNT7FDoDkViijQBHg9g+blsB+U6AvL/gAsPI=",
        "owner": "NixOS",
        "repo": "nixos-hardware",
        "rev": "ca29e25c39b8e117d4d76a81f1e229824a9b3a26",
        "type": "github"
      },
      "original": {
        "owner": "NixOS",
        "ref": "master",
        "repo": "nixos-hardware",
        "type": "github"
      }
    },
    "nixpkgs": {
      "locked": {
        "lastModified": 1673134516,
        "narHash": "sha256-mAZQKqkNQbBmJnmUU0blOfkKlgMSSVyPHdeWeuKad8U=",
        "owner": "NixOS",
        "repo": "nixpkgs",
        "rev": "f6f44561884c3470e2b783683d5dbac42dfc833b",
        "type": "github"
      },
      "original": {
        "owner": "NixOS",
        "ref": "nixos-unstable",
        "repo": "nixpkgs",
        "type": "github"
      }
    },
    "root": {
      "inputs": {
        "impermanence": "impermanence",
        "nixos-hardware": "nixos-hardware",
        "nixpkgs": "nixpkgs",
        "xkomhotshot": "xkomhotshot"
      }
    },
    "xkomhotshot": {
      "inputs": {
        "nixpkgs": [
          "nixpkgs"
        ]
      },
      "locked": {
        "lastModified": 1670928556,
        "narHash": "sha256-Z2I78jIM+q8NwGT2F0w8obaGri9JPJgHxbtBaB67cqU=",
        "owner": "surfaceflinger",
        "repo": "xkomhotshot",
        "rev": "1debeb141f237afb7350c39ccded8dba4cd53a96",
        "type": "github"
      },
      "original": {
        "owner": "surfaceflinger",
        "repo": "xkomhotshot",
        "type": "github"
      }
    }
  },
  "root": "root",
  "version": 7
}
