{
  "nodes": {
    "impermanence": {
      "locked": {
        "lastModified": 1668668915,
        "narHash": "sha256-QjY4ZZbs9shwO4LaLpvlU2bO9J1juYhO9NtV3nrbnYQ=",
        "owner": "nix-community",
        "repo": "impermanence",
        "rev": "5df9108b346f8a42021bf99e50de89c9caa251c3",
        "type": "github"
      },
      "original": {
        "owner": "nix-community",
        "repo": "impermanence",
        "type": "github"
      }
    },
    "nixos-hardware": {
      "locked": {
        "lastModified": 1671183612,
        "narHash": "sha256-Q6so0tBGEb9Bhx++FP6cJQ+K83hOZ99ffmcdcWtDS14=",
        "owner": "NixOS",
        "repo": "nixos-hardware",
        "rev": "488931efb69a50307fa0d71e23e78c8706909416",
        "type": "github"
      },
      "original": {
        "owner": "NixOS",
        "ref": "master",
        "repo": "nixos-hardware",
        "type": "github"
      }
    },
    "nixpkgs": {
      "locked": {
        "lastModified": 1671108576,
        "narHash": "sha256-6ggOL6KoaELNA1562tnPjtAnQ9SwsKRTgeuaXvPzCwI=",
        "owner": "NixOS",
        "repo": "nixpkgs",
        "rev": "0f5996b524c91677891a432cc99c7567c7c402b1",
        "type": "github"
      },
      "original": {
        "owner": "NixOS",
        "ref": "nixos-unstable",
        "repo": "nixpkgs",
        "type": "github"
      }
    },
    "root": {
      "inputs": {
        "impermanence": "impermanence",
        "nixos-hardware": "nixos-hardware",
        "nixpkgs": "nixpkgs",
        "xkomhotshot": "xkomhotshot"
      }
    },
    "xkomhotshot": {
      "inputs": {
        "nixpkgs": [
          "nixpkgs"
        ]
      },
      "locked": {
        "lastModified": 1670928556,
        "narHash": "sha256-Z2I78jIM+q8NwGT2F0w8obaGri9JPJgHxbtBaB67cqU=",
        "owner": "surfaceflinger",
        "repo": "xkomhotshot",
        "rev": "1debeb141f237afb7350c39ccded8dba4cd53a96",
        "type": "github"
      },
      "original": {
        "owner": "surfaceflinger",
        "repo": "xkomhotshot",
        "type": "github"
      }
    }
  },
  "root": "root",
  "version": 7
}
